
Microsoft Visual Studio Solution File, Format Version 12.00
# Visual Studio 14
VisualStudioVersion = 14.0.25420.1
MinimumVisualStudioVersion = 10.0.40219.1
Project("{F2A71F9B-5D33-465A-A702-920D77279786}") = "DTC.Geocoding.Service", "DTC.Geocoding.Service\DTC.Geocoding.Service.fsproj", "{7A096BC3-8324-427C-920B-F8A6553FB81D}"
EndProject
Project("{2150E333-8FDC-42A3-9474-1A3956D46DE8}") = "Data", "Data", "{B5EBBEEA-1846-4928-9AFB-88B2790AE860}"
	ProjectSection(SolutionItems) = preProject
		data\google_geocode.json = data\google_geocode.json
	EndProjectSection
EndProject
Global
	GlobalSection(SolutionConfigurationPlatforms) = preSolution
		Debug|Any CPU = Debug|Any CPU
		Release|Any CPU = Release|Any CPU
	EndGlobalSection
	GlobalSection(ProjectConfigurationPlatforms) = postSolution
		{7A096BC3-8324-427C-920B-F8A6553FB81D}.Debug|Any CPU.ActiveCfg = Debug|Any CPU
		{7A096BC3-8324-427C-920B-F8A6553FB81D}.Debug|Any CPU.Build.0 = Debug|Any CPU
		{7A096BC3-8324-427C-920B-F8A6553FB81D}.Release|Any CPU.ActiveCfg = Release|Any CPU
		{7A096BC3-8324-427C-920B-F8A6553FB81D}.Release|Any CPU.Build.0 = Release|Any CPU
	EndGlobalSection
	GlobalSection(SolutionProperties) = preSolution
		HideSolutionNode = FALSE
	EndGlobalSection
EndGlobal
